
Microsoft Visual Studio Solution File, Format Version 12.00
# Visual Studio Version 16
VisualStudioVersion = 16.0.29512.175
MinimumVisualStudioVersion = 10.0.40219.1
Project("{FAE04EC0-301F-11D3-BF4B-00C04F79EFBC}") = "CompanyDirectory", "CompanyDirectory\CompanyDirectory.csproj", "{CE2E2151-4E79-409E-972A-3EF07EC3050F}"
EndProject
Global
	GlobalSection(SolutionConfigurationPlatforms) = preSolution
		Debug|Any CPU = Debug|Any CPU
		Release|Any CPU = Release|Any CPU
	EndGlobalSection
	GlobalSection(ProjectConfigurationPlatforms) = postSolution
		{CE2E2151-4E79-409E-972A-3EF07EC3050F}.Debug|Any CPU.ActiveCfg = Debug|Any CPU
		{CE2E2151-4E79-409E-972A-3EF07EC3050F}.Debug|Any CPU.Build.0 = Debug|Any CPU
		{CE2E2151-4E79-409E-972A-3EF07EC3050F}.Release|Any CPU.ActiveCfg = Release|Any CPU
		{CE2E2151-4E79-409E-972A-3EF07EC3050F}.Release|Any CPU.Build.0 = Release|Any CPU
	EndGlobalSection
	GlobalSection(SolutionProperties) = preSolution
		HideSolutionNode = FALSE
	EndGlobalSection
	GlobalSection(ExtensibilityGlobals) = postSolution
		SolutionGuid = {89FBA5A5-91D8-4ED3-8966-3A233D152E23}
	EndGlobalSection
EndGlobal
